
Microsoft Visual Studio Solution File, Format Version 12.00
# Visual Studio 15
VisualStudioVersion = 15.0.26124.0
MinimumVisualStudioVersion = 15.0.26124.0
Project("{2150E333-8FDC-42A3-9474-1A3956D46DE8}") = "src", "src", "{DDD30773-8E4F-4B11-BD41-2A872A6B2413}"
EndProject
Project("{F2A71F9B-5D33-465A-A702-920D77279786}") = "CheckoutFS", "src\CheckoutFS\CheckoutFS.fsproj", "{FFE08CF0-23CA-4942-A478-017A3A270298}"
EndProject
Project("{2150E333-8FDC-42A3-9474-1A3956D46DE8}") = "test", "test", "{FF3AE674-567A-4A63-BD7C-D9082100BB0B}"
EndProject
Project("{F2A71F9B-5D33-465A-A702-920D77279786}") = "CheckoutFS.Tests.Unit", "test\CheckoutFS.Tests.Unit\CheckoutFS.Tests.Unit.fsproj", "{30ED70A6-4E5C-460F-A54C-8BA153DBE2FC}"
EndProject
Global
	GlobalSection(SolutionConfigurationPlatforms) = preSolution
		Debug|Any CPU = Debug|Any CPU
		Debug|x64 = Debug|x64
		Debug|x86 = Debug|x86
		Release|Any CPU = Release|Any CPU
		Release|x64 = Release|x64
		Release|x86 = Release|x86
	EndGlobalSection
	GlobalSection(SolutionProperties) = preSolution
		HideSolutionNode = FALSE
	EndGlobalSection
	GlobalSection(ProjectConfigurationPlatforms) = postSolution
		{FFE08CF0-23CA-4942-A478-017A3A270298}.Debug|Any CPU.ActiveCfg = Debug|Any CPU
		{FFE08CF0-23CA-4942-A478-017A3A270298}.Debug|Any CPU.Build.0 = Debug|Any CPU
		{FFE08CF0-23CA-4942-A478-017A3A270298}.Debug|x64.ActiveCfg = Debug|Any CPU
		{FFE08CF0-23CA-4942-A478-017A3A270298}.Debug|x64.Build.0 = Debug|Any CPU
		{FFE08CF0-23CA-4942-A478-017A3A270298}.Debug|x86.ActiveCfg = Debug|Any CPU
		{FFE08CF0-23CA-4942-A478-017A3A270298}.Debug|x86.Build.0 = Debug|Any CPU
		{FFE08CF0-23CA-4942-A478-017A3A270298}.Release|Any CPU.ActiveCfg = Release|Any CPU
		{FFE08CF0-23CA-4942-A478-017A3A270298}.Release|Any CPU.Build.0 = Release|Any CPU
		{FFE08CF0-23CA-4942-A478-017A3A270298}.Release|x64.ActiveCfg = Release|Any CPU
		{FFE08CF0-23CA-4942-A478-017A3A270298}.Release|x64.Build.0 = Release|Any CPU
		{FFE08CF0-23CA-4942-A478-017A3A270298}.Release|x86.ActiveCfg = Release|Any CPU
		{FFE08CF0-23CA-4942-A478-017A3A270298}.Release|x86.Build.0 = Release|Any CPU
		{30ED70A6-4E5C-460F-A54C-8BA153DBE2FC}.Debug|Any CPU.ActiveCfg = Debug|Any CPU
		{30ED70A6-4E5C-460F-A54C-8BA153DBE2FC}.Debug|Any CPU.Build.0 = Debug|Any CPU
		{30ED70A6-4E5C-460F-A54C-8BA153DBE2FC}.Debug|x64.ActiveCfg = Debug|Any CPU
		{30ED70A6-4E5C-460F-A54C-8BA153DBE2FC}.Debug|x64.Build.0 = Debug|Any CPU
		{30ED70A6-4E5C-460F-A54C-8BA153DBE2FC}.Debug|x86.ActiveCfg = Debug|Any CPU
		{30ED70A6-4E5C-460F-A54C-8BA153DBE2FC}.Debug|x86.Build.0 = Debug|Any CPU
		{30ED70A6-4E5C-460F-A54C-8BA153DBE2FC}.Release|Any CPU.ActiveCfg = Release|Any CPU
		{30ED70A6-4E5C-460F-A54C-8BA153DBE2FC}.Release|Any CPU.Build.0 = Release|Any CPU
		{30ED70A6-4E5C-460F-A54C-8BA153DBE2FC}.Release|x64.ActiveCfg = Release|Any CPU
		{30ED70A6-4E5C-460F-A54C-8BA153DBE2FC}.Release|x64.Build.0 = Release|Any CPU
		{30ED70A6-4E5C-460F-A54C-8BA153DBE2FC}.Release|x86.ActiveCfg = Release|Any CPU
		{30ED70A6-4E5C-460F-A54C-8BA153DBE2FC}.Release|x86.Build.0 = Release|Any CPU
	EndGlobalSection
	GlobalSection(NestedProjects) = preSolution
		{FFE08CF0-23CA-4942-A478-017A3A270298} = {DDD30773-8E4F-4B11-BD41-2A872A6B2413}
		{30ED70A6-4E5C-460F-A54C-8BA153DBE2FC} = {FF3AE674-567A-4A63-BD7C-D9082100BB0B}
	EndGlobalSection
EndGlobal
